
Microsoft Visual Studio Solution File, Format Version 12.00
# Visual Studio Version 17
VisualStudioVersion = 17.9.34723.18
MinimumVisualStudioVersion = 10.0.40219.1
Project("{FAE04EC0-301F-11D3-BF4B-00C04F79EFBC}") = "DelegateSample001", "DelegateSample001\DelegateSample001.csproj", "{E1F418E4-5A2B-4309-9733-83063A842EBC}"
EndProject
Global
	GlobalSection(SolutionConfigurationPlatforms) = preSolution
		Debug|Any CPU = Debug|Any CPU
		Release|Any CPU = Release|Any CPU
	EndGlobalSection
	GlobalSection(ProjectConfigurationPlatforms) = postSolution
		{E1F418E4-5A2B-4309-9733-83063A842EBC}.Debug|Any CPU.ActiveCfg = Debug|Any CPU
		{E1F418E4-5A2B-4309-9733-83063A842EBC}.Debug|Any CPU.Build.0 = Debug|Any CPU
		{E1F418E4-5A2B-4309-9733-83063A842EBC}.Release|Any CPU.ActiveCfg = Release|Any CPU
		{E1F418E4-5A2B-4309-9733-83063A842EBC}.Release|Any CPU.Build.0 = Release|Any CPU
	EndGlobalSection
	GlobalSection(SolutionProperties) = preSolution
		HideSolutionNode = FALSE
	EndGlobalSection
	GlobalSection(ExtensibilityGlobals) = postSolution
		SolutionGuid = {84C9E456-9847-474F-8BD2-20C6AF1A4EA7}
	EndGlobalSection
EndGlobal
